
Microsoft Visual Studio Solution File, Format Version 12.00
# Visual Studio 15
VisualStudioVersion = 15.0.28010.2016
MinimumVisualStudioVersion = 10.0.40219.1
Project("{FAE04EC0-301F-11D3-BF4B-00C04F79EFBC}") = "TpProgramacionMovil3", "TpProgramacionMovil3\TpProgramacionMovil3.csproj", "{26E020A7-9D75-4BE1-9843-871092881DCC}"
EndProject
Global
	GlobalSection(SolutionConfigurationPlatforms) = preSolution
		Debug|Any CPU = Debug|Any CPU
		Release|Any CPU = Release|Any CPU
	EndGlobalSection
	GlobalSection(ProjectConfigurationPlatforms) = postSolution
		{26E020A7-9D75-4BE1-9843-871092881DCC}.Debug|Any CPU.ActiveCfg = Debug|Any CPU
		{26E020A7-9D75-4BE1-9843-871092881DCC}.Debug|Any CPU.Build.0 = Debug|Any CPU
		{26E020A7-9D75-4BE1-9843-871092881DCC}.Release|Any CPU.ActiveCfg = Release|Any CPU
		{26E020A7-9D75-4BE1-9843-871092881DCC}.Release|Any CPU.Build.0 = Release|Any CPU
	EndGlobalSection
	GlobalSection(SolutionProperties) = preSolution
		HideSolutionNode = FALSE
	EndGlobalSection
	GlobalSection(ExtensibilityGlobals) = postSolution
		SolutionGuid = {AD13D1F5-1BF8-4EBB-9315-6E7F540BA19D}
	EndGlobalSection
EndGlobal
